// !$*UTF8*$!
{
	archiveVersion = 1;
	classes = {
	};
	objectVersion = 55;
	objects = {

/* Begin PBXBuildFile section */
		4C66EDBC8E9915C311203A48 /* Pods_Ios_dca_calculator.framework in Frameworks */ = {isa = PBXBuildFile; fileRef = EC5E1D10DDFCFD33000A3308 /* Pods_Ios_dca_calculator.framework */; };
		C270E1E627965B6B00A5895D /* String+Extensions.swift in Sources */ = {isa = PBXBuildFile; fileRef = C270E1E527965B6B00A5895D /* String+Extensions.swift */; };
		C270E1E827966B3900A5895D /* UITextField+Extensions.swift in Sources */ = {isa = PBXBuildFile; fileRef = C270E1E727966B3900A5895D /* UITextField+Extensions.swift */; };
		C270E1EA279798EB00A5895D /* DateSelectionTableViewController.swift in Sources */ = {isa = PBXBuildFile; fileRef = C270E1E9279798EB00A5895D /* DateSelectionTableViewController.swift */; };
		C270E1EE2797A97700A5895D /* Date+Extensions.swift in Sources */ = {isa = PBXBuildFile; fileRef = C270E1ED2797A97700A5895D /* Date+Extensions.swift */; };
		C283027C2787DE6400356A00 /* AppDelegate.swift in Sources */ = {isa = PBXBuildFile; fileRef = C283027B2787DE6400356A00 /* AppDelegate.swift */; };
		C283027E2787DE6400356A00 /* SceneDelegate.swift in Sources */ = {isa = PBXBuildFile; fileRef = C283027D2787DE6400356A00 /* SceneDelegate.swift */; };
		C28302802787DE6400356A00 /* SearchTableViewViewController.swift in Sources */ = {isa = PBXBuildFile; fileRef = C283027F2787DE6400356A00 /* SearchTableViewViewController.swift */; };
		C28302832787DE6400356A00 /* Main.storyboard in Resources */ = {isa = PBXBuildFile; fileRef = C28302812787DE6400356A00 /* Main.storyboard */; };
		C28302852787DE6400356A00 /* Assets.xcassets in Resources */ = {isa = PBXBuildFile; fileRef = C28302842787DE6400356A00 /* Assets.xcassets */; };
		C28302882787DE6400356A00 /* LaunchScreen.storyboard in Resources */ = {isa = PBXBuildFile; fileRef = C28302862787DE6400356A00 /* LaunchScreen.storyboard */; };
		C2E542FE27893F5200422E80 /* SearchTableViewCell.swift in Sources */ = {isa = PBXBuildFile; fileRef = C2E542FD27893F5200422E80 /* SearchTableViewCell.swift */; };
		C2E54301278942DA00422E80 /* APIService.swift in Sources */ = {isa = PBXBuildFile; fileRef = C2E54300278942DA00422E80 /* APIService.swift */; };
		C2E54304278944AF00422E80 /* SearchResults.swift in Sources */ = {isa = PBXBuildFile; fileRef = C2E54303278944AF00422E80 /* SearchResults.swift */; };
		C2E54306278B87CB00422E80 /* SearchPlaceholderView.swift in Sources */ = {isa = PBXBuildFile; fileRef = C2E54305278B87CB00422E80 /* SearchPlaceholderView.swift */; };
		C2E54309278B9A7100422E80 /* UIAnimatable.swift in Sources */ = {isa = PBXBuildFile; fileRef = C2E54308278B9A7100422E80 /* UIAnimatable.swift */; };
		C2E8D2BF279CA28C00055A7E /* Int+Extensions.swift in Sources */ = {isa = PBXBuildFile; fileRef = C2E8D2BE279CA28C00055A7E /* Int+Extensions.swift */; };
		C2E8D2C1279CF54200055A7E /* DCAService.swift in Sources */ = {isa = PBXBuildFile; fileRef = C2E8D2C0279CF54200055A7E /* DCAService.swift */; };
		C2E8D2C5279D005800055A7E /* Double+Extensions.swift in Sources */ = {isa = PBXBuildFile; fileRef = C2E8D2C4279D005800055A7E /* Double+Extensions.swift */; };
		C2FB0A0E27910C8B00E66EB0 /* TimeSerieMonthlyAdjusted.swift in Sources */ = {isa = PBXBuildFile; fileRef = C2FB0A0D27910C8B00E66EB0 /* TimeSerieMonthlyAdjusted.swift */; };
		C2FB0A102793C33700E66EB0 /* CalculatorTableViewController.swift in Sources */ = {isa = PBXBuildFile; fileRef = C2FB0A0F2793C33700E66EB0 /* CalculatorTableViewController.swift */; };
		C2FB0A122793C40A00E66EB0 /* Asset.swift in Sources */ = {isa = PBXBuildFile; fileRef = C2FB0A112793C40A00E66EB0 /* Asset.swift */; };
/* End PBXBuildFile section */

/* Begin PBXFileReference section */
		A275F0FE3E5C048B8AF7E976 /* Pods-Ios-dca-calculator.debug.xcconfig */ = {isa = PBXFileReference; includeInIndex = 1; lastKnownFileType = text.xcconfig; name = "Pods-Ios-dca-calculator.debug.xcconfig"; path = "Target Support Files/Pods-Ios-dca-calculator/Pods-Ios-dca-calculator.debug.xcconfig"; sourceTree = "<group>"; };
		A6BC3D375050BD313D4F300B /* Pods-Ios-dca-calculator.release.xcconfig */ = {isa = PBXFileReference; includeInIndex = 1; lastKnownFileType = text.xcconfig; name = "Pods-Ios-dca-calculator.release.xcconfig"; path = "Target Support Files/Pods-Ios-dca-calculator/Pods-Ios-dca-calculator.release.xcconfig"; sourceTree = "<group>"; };
		C270E1E527965B6B00A5895D /* String+Extensions.swift */ = {isa = PBXFileReference; lastKnownFileType = sourcecode.swift; path = "String+Extensions.swift"; sourceTree = "<group>"; };
		C270E1E727966B3900A5895D /* UITextField+Extensions.swift */ = {isa = PBXFileReference; lastKnownFileType = sourcecode.swift; path = "UITextField+Extensions.swift"; sourceTree = "<group>"; };
		C270E1E9279798EB00A5895D /* DateSelectionTableViewController.swift */ = {isa = PBXFileReference; lastKnownFileType = sourcecode.swift; path = DateSelectionTableViewController.swift; sourceTree = "<group>"; };
		C270E1ED2797A97700A5895D /* Date+Extensions.swift */ = {isa = PBXFileReference; lastKnownFileType = sourcecode.swift; path = "Date+Extensions.swift"; sourceTree = "<group>"; };
		C28302782787DE6400356A00 /* Ios-dca-calculator.app */ = {isa = PBXFileReference; explicitFileType = wrapper.application; includeInIndex = 0; path = "Ios-dca-calculator.app"; sourceTree = BUILT_PRODUCTS_DIR; };
		C283027B2787DE6400356A00 /* AppDelegate.swift */ = {isa = PBXFileReference; lastKnownFileType = sourcecode.swift; path = AppDelegate.swift; sourceTree = "<group>"; };
		C283027D2787DE6400356A00 /* SceneDelegate.swift */ = {isa = PBXFileReference; lastKnownFileType = sourcecode.swift; path = SceneDelegate.swift; sourceTree = "<group>"; };
		C283027F2787DE6400356A00 /* SearchTableViewViewController.swift */ = {isa = PBXFileReference; lastKnownFileType = sourcecode.swift; path = SearchTableViewViewController.swift; sourceTree = "<group>"; };
		C28302822787DE6400356A00 /* Base */ = {isa = PBXFileReference; lastKnownFileType = file.storyboard; name = Base; path = Base.lproj/Main.storyboard; sourceTree = "<group>"; };
		C28302842787DE6400356A00 /* Assets.xcassets */ = {isa = PBXFileReference; lastKnownFileType = folder.assetcatalog; path = Assets.xcassets; sourceTree = "<group>"; };
		C28302872787DE6400356A00 /* Base */ = {isa = PBXFileReference; lastKnownFileType = file.storyboard; name = Base; path = Base.lproj/LaunchScreen.storyboard; sourceTree = "<group>"; };
		C28302892787DE6400356A00 /* Info.plist */ = {isa = PBXFileReference; lastKnownFileType = text.plist.xml; path = Info.plist; sourceTree = "<group>"; };
		C2E542FD27893F5200422E80 /* SearchTableViewCell.swift */ = {isa = PBXFileReference; lastKnownFileType = sourcecode.swift; path = SearchTableViewCell.swift; sourceTree = "<group>"; };
		C2E54300278942DA00422E80 /* APIService.swift */ = {isa = PBXFileReference; lastKnownFileType = sourcecode.swift; path = APIService.swift; sourceTree = "<group>"; };
		C2E54303278944AF00422E80 /* SearchResults.swift */ = {isa = PBXFileReference; lastKnownFileType = sourcecode.swift; path = SearchResults.swift; sourceTree = "<group>"; };
		C2E54305278B87CB00422E80 /* SearchPlaceholderView.swift */ = {isa = PBXFileReference; lastKnownFileType = sourcecode.swift; path = SearchPlaceholderView.swift; sourceTree = "<group>"; };
		C2E54308278B9A7100422E80 /* UIAnimatable.swift */ = {isa = PBXFileReference; lastKnownFileType = sourcecode.swift; path = UIAnimatable.swift; sourceTree = "<group>"; };
		C2E8D2BE279CA28C00055A7E /* Int+Extensions.swift */ = {isa = PBXFileReference; lastKnownFileType = sourcecode.swift; path = "Int+Extensions.swift"; sourceTree = "<group>"; };
		C2E8D2C0279CF54200055A7E /* DCAService.swift */ = {isa = PBXFileReference; lastKnownFileType = sourcecode.swift; path = DCAService.swift; sourceTree = "<group>"; };
		C2E8D2C4279D005800055A7E /* Double+Extensions.swift */ = {isa = PBXFileReference; lastKnownFileType = sourcecode.swift; path = "Double+Extensions.swift"; sourceTree = "<group>"; };
		C2FB0A0D27910C8B00E66EB0 /* TimeSerieMonthlyAdjusted.swift */ = {isa = PBXFileReference; lastKnownFileType = sourcecode.swift; path = TimeSerieMonthlyAdjusted.swift; sourceTree = "<group>"; };
		C2FB0A0F2793C33700E66EB0 /* CalculatorTableViewController.swift */ = {isa = PBXFileReference; lastKnownFileType = sourcecode.swift; path = CalculatorTableViewController.swift; sourceTree = "<group>"; };
		C2FB0A112793C40A00E66EB0 /* Asset.swift */ = {isa = PBXFileReference; lastKnownFileType = sourcecode.swift; path = Asset.swift; sourceTree = "<group>"; };
		EC5E1D10DDFCFD33000A3308 /* Pods_Ios_dca_calculator.framework */ = {isa = PBXFileReference; explicitFileType = wrapper.framework; includeInIndex = 0; path = Pods_Ios_dca_calculator.framework; sourceTree = BUILT_PRODUCTS_DIR; };
/* End PBXFileReference section */

/* Begin PBXFrameworksBuildPhase section */
		C28302752787DE6400356A00 /* Frameworks */ = {
			isa = PBXFrameworksBuildPhase;
			buildActionMask = 2147483647;
			files = (
				4C66EDBC8E9915C311203A48 /* Pods_Ios_dca_calculator.framework in Frameworks */,
			);
			runOnlyForDeploymentPostprocessing = 0;
		};
/* End PBXFrameworksBuildPhase section */

/* Begin PBXGroup section */
		3819557B0768CEE02DB46F5F /* Pods */ = {
			isa = PBXGroup;
			children = (
				A275F0FE3E5C048B8AF7E976 /* Pods-Ios-dca-calculator.debug.xcconfig */,
				A6BC3D375050BD313D4F300B /* Pods-Ios-dca-calculator.release.xcconfig */,
			);
			path = Pods;
			sourceTree = "<group>";
		};
		8823EC68EAE8722B3946F5EB /* Frameworks */ = {
			isa = PBXGroup;
			children = (
				EC5E1D10DDFCFD33000A3308 /* Pods_Ios_dca_calculator.framework */,
			);
			name = Frameworks;
			sourceTree = "<group>";
		};
		C270E1E427965B4C00A5895D /* extensions */ = {
			isa = PBXGroup;
			children = (
				C270E1E527965B6B00A5895D /* String+Extensions.swift */,
				C270E1E727966B3900A5895D /* UITextField+Extensions.swift */,
				C270E1ED2797A97700A5895D /* Date+Extensions.swift */,
				C2E8D2BE279CA28C00055A7E /* Int+Extensions.swift */,
				C2E8D2C4279D005800055A7E /* Double+Extensions.swift */,
			);
			path = extensions;
			sourceTree = "<group>";
		};
		C283026F2787DE6400356A00 = {
			isa = PBXGroup;
			children = (
				C283027A2787DE6400356A00 /* Ios-dca-calculator */,
				C28302792787DE6400356A00 /* Products */,
				3819557B0768CEE02DB46F5F /* Pods */,
				8823EC68EAE8722B3946F5EB /* Frameworks */,
			);
			sourceTree = "<group>";
		};
		C28302792787DE6400356A00 /* Products */ = {
			isa = PBXGroup;
			children = (
				C28302782787DE6400356A00 /* Ios-dca-calculator.app */,
			);
			name = Products;
			sourceTree = "<group>";
		};
		C283027A2787DE6400356A00 /* Ios-dca-calculator */ = {
			isa = PBXGroup;
			children = (
				C270E1E427965B4C00A5895D /* extensions */,
				C2E54307278B984700422E80 /* protocol */,
				C2E543022789448C00422E80 /* Model */,
				C2E542FF278942BC00422E80 /* Services */,
				C2E542FC27893F1600422E80 /* Controller */,
				C2E542FB27893EDD00422E80 /* View */,
				C283027B2787DE6400356A00 /* AppDelegate.swift */,
				C283027D2787DE6400356A00 /* SceneDelegate.swift */,
				C28302812787DE6400356A00 /* Main.storyboard */,
				C28302842787DE6400356A00 /* Assets.xcassets */,
				C28302862787DE6400356A00 /* LaunchScreen.storyboard */,
				C28302892787DE6400356A00 /* Info.plist */,
			);
			path = "Ios-dca-calculator";
			sourceTree = "<group>";
		};
		C2E542FB27893EDD00422E80 /* View */ = {
			isa = PBXGroup;
			children = (
				C2E542FD27893F5200422E80 /* SearchTableViewCell.swift */,
				C2E54305278B87CB00422E80 /* SearchPlaceholderView.swift */,
			);
			path = View;
			sourceTree = "<group>";
		};
		C2E542FC27893F1600422E80 /* Controller */ = {
			isa = PBXGroup;
			children = (
				C283027F2787DE6400356A00 /* SearchTableViewViewController.swift */,
				C2FB0A0F2793C33700E66EB0 /* CalculatorTableViewController.swift */,
				C270E1E9279798EB00A5895D /* DateSelectionTableViewController.swift */,
			);
			path = Controller;
			sourceTree = "<group>";
		};
		C2E542FF278942BC00422E80 /* Services */ = {
			isa = PBXGroup;
			children = (
				C2E54300278942DA00422E80 /* APIService.swift */,
				C2E8D2C0279CF54200055A7E /* DCAService.swift */,
			);
			path = Services;
			sourceTree = "<group>";
		};
		C2E543022789448C00422E80 /* Model */ = {
			isa = PBXGroup;
			children = (
				C2E54303278944AF00422E80 /* SearchResults.swift */,
				C2FB0A0D27910C8B00E66EB0 /* TimeSerieMonthlyAdjusted.swift */,
				C2FB0A112793C40A00E66EB0 /* Asset.swift */,
			);
			path = Model;
			sourceTree = "<group>";
		};
		C2E54307278B984700422E80 /* protocol */ = {
			isa = PBXGroup;
			children = (
				C2E54308278B9A7100422E80 /* UIAnimatable.swift */,
			);
			path = protocol;
			sourceTree = "<group>";
		};
/* End PBXGroup section */

/* Begin PBXNativeTarget section */
		C28302772787DE6400356A00 /* Ios-dca-calculator */ = {
			isa = PBXNativeTarget;
			buildConfigurationList = C283028C2787DE6400356A00 /* Build configuration list for PBXNativeTarget "Ios-dca-calculator" */;
			buildPhases = (
				6D27E6977E6A22CB2D8034C2 /* [CP] Check Pods Manifest.lock */,
				C28302742787DE6400356A00 /* Sources */,
				C28302752787DE6400356A00 /* Frameworks */,
				C28302762787DE6400356A00 /* Resources */,
				90155B74430428C309647C77 /* [CP] Embed Pods Frameworks */,
			);
			buildRules = (
			);
			dependencies = (
			);
			name = "Ios-dca-calculator";
			productName = "Ios-dca-calculator";
			productReference = C28302782787DE6400356A00 /* Ios-dca-calculator.app */;
			productType = "com.apple.product-type.application";
		};
/* End PBXNativeTarget section */

/* Begin PBXProject section */
		C28302702787DE6400356A00 /* Project object */ = {
			isa = PBXProject;
			attributes = {
				BuildIndependentTargetsInParallel = 1;
				LastSwiftUpdateCheck = 1310;
				LastUpgradeCheck = 1310;
				TargetAttributes = {
					C28302772787DE6400356A00 = {
						CreatedOnToolsVersion = 13.1;
					};
				};
			};
			buildConfigurationList = C28302732787DE6400356A00 /* Build configuration list for PBXProject "Ios-dca-calculator" */;
			compatibilityVersion = "Xcode 13.0";
			developmentRegion = en;
			hasScannedForEncodings = 0;
			knownRegions = (
				en,
				Base,
			);
			mainGroup = C283026F2787DE6400356A00;
			productRefGroup = C28302792787DE6400356A00 /* Products */;
			projectDirPath = "";
			projectRoot = "";
			targets = (
				C28302772787DE6400356A00 /* Ios-dca-calculator */,
			);
		};
/* End PBXProject section */

/* Begin PBXResourcesBuildPhase section */
		C28302762787DE6400356A00 /* Resources */ = {
			isa = PBXResourcesBuildPhase;
			buildActionMask = 2147483647;
			files = (
				C28302882787DE6400356A00 /* LaunchScreen.storyboard in Resources */,
				C28302852787DE6400356A00 /* Assets.xcassets in Resources */,
				C28302832787DE6400356A00 /* Main.storyboard in Resources */,
			);
			runOnlyForDeploymentPostprocessing = 0;
		};
/* End PBXResourcesBuildPhase section */

/* Begin PBXShellScriptBuildPhase section */
		6D27E6977E6A22CB2D8034C2 /* [CP] Check Pods Manifest.lock */ = {
			isa = PBXShellScriptBuildPhase;
			buildActionMask = 2147483647;
			files = (
			);
			inputFileListPaths = (
			);
			inputPaths = (
				"${PODS_PODFILE_DIR_PATH}/Podfile.lock",
				"${PODS_ROOT}/Manifest.lock",
			);
			name = "[CP] Check Pods Manifest.lock";
			outputFileListPaths = (
			);
			outputPaths = (
				"$(DERIVED_FILE_DIR)/Pods-Ios-dca-calculator-checkManifestLockResult.txt",
			);
			runOnlyForDeploymentPostprocessing = 0;
			shellPath = /bin/sh;
			shellScript = "diff \"${PODS_PODFILE_DIR_PATH}/Podfile.lock\" \"${PODS_ROOT}/Manifest.lock\" > /dev/null\nif [ $? != 0 ] ; then\n    # print error to STDERR\n    echo \"error: The sandbox is not in sync with the Podfile.lock. Run 'pod install' or update your CocoaPods installation.\" >&2\n    exit 1\nfi\n# This output is used by Xcode 'outputs' to avoid re-running this script phase.\necho \"SUCCESS\" > \"${SCRIPT_OUTPUT_FILE_0}\"\n";
			showEnvVarsInLog = 0;
		};
		90155B74430428C309647C77 /* [CP] Embed Pods Frameworks */ = {
			isa = PBXShellScriptBuildPhase;
			buildActionMask = 2147483647;
			files = (
			);
			inputFileListPaths = (
				"${PODS_ROOT}/Target Support Files/Pods-Ios-dca-calculator/Pods-Ios-dca-calculator-frameworks-${CONFIGURATION}-input-files.xcfilelist",
			);
			name = "[CP] Embed Pods Frameworks";
			outputFileListPaths = (
				"${PODS_ROOT}/Target Support Files/Pods-Ios-dca-calculator/Pods-Ios-dca-calculator-frameworks-${CONFIGURATION}-output-files.xcfilelist",
			);
			runOnlyForDeploymentPostprocessing = 0;
			shellPath = /bin/sh;
			shellScript = "\"${PODS_ROOT}/Target Support Files/Pods-Ios-dca-calculator/Pods-Ios-dca-calculator-frameworks.sh\"\n";
			showEnvVarsInLog = 0;
		};
/* End PBXShellScriptBuildPhase section */

/* Begin PBXSourcesBuildPhase section */
		C28302742787DE6400356A00 /* Sources */ = {
			isa = PBXSourcesBuildPhase;
			buildActionMask = 2147483647;
			files = (
				C270E1EA279798EB00A5895D /* DateSelectionTableViewController.swift in Sources */,
				C270E1E827966B3900A5895D /* UITextField+Extensions.swift in Sources */,
				C28302802787DE6400356A00 /* SearchTableViewViewController.swift in Sources */,
				C2E54309278B9A7100422E80 /* UIAnimatable.swift in Sources */,
				C2E54301278942DA00422E80 /* APIService.swift in Sources */,
				C2E8D2BF279CA28C00055A7E /* Int+Extensions.swift in Sources */,
				C2FB0A122793C40A00E66EB0 /* Asset.swift in Sources */,
				C270E1E627965B6B00A5895D /* String+Extensions.swift in Sources */,
				C2FB0A102793C33700E66EB0 /* CalculatorTableViewController.swift in Sources */,
				C270E1EE2797A97700A5895D /* Date+Extensions.swift in Sources */,
				C2E542FE27893F5200422E80 /* SearchTableViewCell.swift in Sources */,
				C2E8D2C1279CF54200055A7E /* DCAService.swift in Sources */,
				C2E8D2C5279D005800055A7E /* Double+Extensions.swift in Sources */,
				C2FB0A0E27910C8B00E66EB0 /* TimeSerieMonthlyAdjusted.swift in Sources */,
				C283027C2787DE6400356A00 /* AppDelegate.swift in Sources */,
				C2E54304278944AF00422E80 /* SearchResults.swift in Sources */,
				C283027E2787DE6400356A00 /* SceneDelegate.swift in Sources */,
				C2E54306278B87CB00422E80 /* SearchPlaceholderView.swift in Sources */,
			);
			runOnlyForDeploymentPostprocessing = 0;
		};
/* End PBXSourcesBuildPhase section */

/* Begin PBXVariantGroup section */
		C28302812787DE6400356A00 /* Main.storyboard */ = {
			isa = PBXVariantGroup;
			children = (
				C28302822787DE6400356A00 /* Base */,
			);
			name = Main.storyboard;
			sourceTree = "<group>";
		};
		C28302862787DE6400356A00 /* LaunchScreen.storyboard */ = {
			isa = PBXVariantGroup;
			children = (
				C28302872787DE6400356A00 /* Base */,
			);
			name = LaunchScreen.storyboard;
			sourceTree = "<group>";
		};
/* End PBXVariantGroup section */

/* Begin XCBuildConfiguration section */
		C283028A2787DE6400356A00 /* Debug */ = {
			isa = XCBuildConfiguration;
			buildSettings = {
				ALWAYS_SEARCH_USER_PATHS = NO;
				CLANG_ANALYZER_NONNULL = YES;
				CLANG_ANALYZER_NUMBER_OBJECT_CONVERSION = YES_AGGRESSIVE;
				CLANG_CXX_LANGUAGE_STANDARD = "gnu++17";
				CLANG_CXX_LIBRARY = "libc++";
				CLANG_ENABLE_MODULES = YES;
				CLANG_ENABLE_OBJC_ARC = YES;
				CLANG_ENABLE_OBJC_WEAK = YES;
				CLANG_WARN_BLOCK_CAPTURE_AUTORELEASING = YES;
				CLANG_WARN_BOOL_CONVERSION = YES;
				CLANG_WARN_COMMA = YES;
				CLANG_WARN_CONSTANT_CONVERSION = YES;
				CLANG_WARN_DEPRECATED_OBJC_IMPLEMENTATIONS = YES;
				CLANG_WARN_DIRECT_OBJC_ISA_USAGE = YES_ERROR;
				CLANG_WARN_DOCUMENTATION_COMMENTS = YES;
				CLANG_WARN_EMPTY_BODY = YES;
				CLANG_WARN_ENUM_CONVERSION = YES;
				CLANG_WARN_INFINITE_RECURSION = YES;
				CLANG_WARN_INT_CONVERSION = YES;
				CLANG_WARN_NON_LITERAL_NULL_CONVERSION = YES;
				CLANG_WARN_OBJC_IMPLICIT_RETAIN_SELF = YES;
				CLANG_WARN_OBJC_LITERAL_CONVERSION = YES;
				CLANG_WARN_OBJC_ROOT_CLASS = YES_ERROR;
				CLANG_WARN_QUOTED_INCLUDE_IN_FRAMEWORK_HEADER = YES;
				CLANG_WARN_RANGE_LOOP_ANALYSIS = YES;
				CLANG_WARN_STRICT_PROTOTYPES = YES;
				CLANG_WARN_SUSPICIOUS_MOVE = YES;
				CLANG_WARN_UNGUARDED_AVAILABILITY = YES_AGGRESSIVE;
				CLANG_WARN_UNREACHABLE_CODE = YES;
				CLANG_WARN__DUPLICATE_METHOD_MATCH = YES;
				COPY_PHASE_STRIP = NO;
				DEBUG_INFORMATION_FORMAT = dwarf;
				ENABLE_STRICT_OBJC_MSGSEND = YES;
				ENABLE_TESTABILITY = YES;
				GCC_C_LANGUAGE_STANDARD = gnu11;
				GCC_DYNAMIC_NO_PIC = NO;
				GCC_NO_COMMON_BLOCKS = YES;
				GCC_OPTIMIZATION_LEVEL = 0;
				GCC_PREPROCESSOR_DEFINITIONS = (
					"DEBUG=1",
					"$(inherited)",
				);
				GCC_WARN_64_TO_32_BIT_CONVERSION = YES;
				GCC_WARN_ABOUT_RETURN_TYPE = YES_ERROR;
				GCC_WARN_UNDECLARED_SELECTOR = YES;
				GCC_WARN_UNINITIALIZED_AUTOS = YES_AGGRESSIVE;
				GCC_WARN_UNUSED_FUNCTION = YES;
				GCC_WARN_UNUSED_VARIABLE = YES;
				IPHONEOS_DEPLOYMENT_TARGET = 15.0;
				MTL_ENABLE_DEBUG_INFO = INCLUDE_SOURCE;
				MTL_FAST_MATH = YES;
				ONLY_ACTIVE_ARCH = YES;
				SDKROOT = iphoneos;
				SWIFT_ACTIVE_COMPILATION_CONDITIONS = DEBUG;
				SWIFT_OPTIMIZATION_LEVEL = "-Onone";
			};
			name = Debug;
		};
		C283028B2787DE6400356A00 /* Release */ = {
			isa = XCBuildConfiguration;
			buildSettings = {
				ALWAYS_SEARCH_USER_PATHS = NO;
				CLANG_ANALYZER_NONNULL = YES;
				CLANG_ANALYZER_NUMBER_OBJECT_CONVERSION = YES_AGGRESSIVE;
				CLANG_CXX_LANGUAGE_STANDARD = "gnu++17";
				CLANG_CXX_LIBRARY = "libc++";
				CLANG_ENABLE_MODULES = YES;
				CLANG_ENABLE_OBJC_ARC = YES;
				CLANG_ENABLE_OBJC_WEAK = YES;
				CLANG_WARN_BLOCK_CAPTURE_AUTORELEASING = YES;
				CLANG_WARN_BOOL_CONVERSION = YES;
				CLANG_WARN_COMMA = YES;
				CLANG_WARN_CONSTANT_CONVERSION = YES;
				CLANG_WARN_DEPRECATED_OBJC_IMPLEMENTATIONS = YES;
				CLANG_WARN_DIRECT_OBJC_ISA_USAGE = YES_ERROR;
				CLANG_WARN_DOCUMENTATION_COMMENTS = YES;
				CLANG_WARN_EMPTY_BODY = YES;
				CLANG_WARN_ENUM_CONVERSION = YES;
				CLANG_WARN_INFINITE_RECURSION = YES;
				CLANG_WARN_INT_CONVERSION = YES;
				CLANG_WARN_NON_LITERAL_NULL_CONVERSION = YES;
				CLANG_WARN_OBJC_IMPLICIT_RETAIN_SELF = YES;
				CLANG_WARN_OBJC_LITERAL_CONVERSION = YES;
				CLANG_WARN_OBJC_ROOT_CLASS = YES_ERROR;
				CLANG_WARN_QUOTED_INCLUDE_IN_FRAMEWORK_HEADER = YES;
				CLANG_WARN_RANGE_LOOP_ANALYSIS = YES;
				CLANG_WARN_STRICT_PROTOTYPES = YES;
				CLANG_WARN_SUSPICIOUS_MOVE = YES;
				CLANG_WARN_UNGUARDED_AVAILABILITY = YES_AGGRESSIVE;
				CLANG_WARN_UNREACHABLE_CODE = YES;
				CLANG_WARN__DUPLICATE_METHOD_MATCH = YES;
				COPY_PHASE_STRIP = NO;
				DEBUG_INFORMATION_FORMAT = "dwarf-with-dsym";
				ENABLE_NS_ASSERTIONS = NO;
				ENABLE_STRICT_OBJC_MSGSEND = YES;
				GCC_C_LANGUAGE_STANDARD = gnu11;
				GCC_NO_COMMON_BLOCKS = YES;
				GCC_WARN_64_TO_32_BIT_CONVERSION = YES;
				GCC_WARN_ABOUT_RETURN_TYPE = YES_ERROR;
				GCC_WARN_UNDECLARED_SELECTOR = YES;
				GCC_WARN_UNINITIALIZED_AUTOS = YES_AGGRESSIVE;
				GCC_WARN_UNUSED_FUNCTION = YES;
				GCC_WARN_UNUSED_VARIABLE = YES;
				IPHONEOS_DEPLOYMENT_TARGET = 15.0;
				MTL_ENABLE_DEBUG_INFO = NO;
				MTL_FAST_MATH = YES;
				SDKROOT = iphoneos;
				SWIFT_COMPILATION_MODE = wholemodule;
				SWIFT_OPTIMIZATION_LEVEL = "-O";
				VALIDATE_PRODUCT = YES;
			};
			name = Release;
		};
		C283028D2787DE6400356A00 /* Debug */ = {
			isa = XCBuildConfiguration;
			baseConfigurationReference = A275F0FE3E5C048B8AF7E976 /* Pods-Ios-dca-calculator.debug.xcconfig */;
			buildSettings = {
				ASSETCATALOG_COMPILER_APPICON_NAME = AppIcon;
				ASSETCATALOG_COMPILER_GLOBAL_ACCENT_COLOR_NAME = AccentColor;
				CODE_SIGN_STYLE = Automatic;
				CURRENT_PROJECT_VERSION = 1;
				DEVELOPMENT_TEAM = 7VFR5ND6JR;
				GENERATE_INFOPLIST_FILE = YES;
				INFOPLIST_FILE = "Ios-dca-calculator/Info.plist";
				INFOPLIST_KEY_UIApplicationSupportsIndirectInputEvents = YES;
				INFOPLIST_KEY_UILaunchStoryboardName = LaunchScreen;
				INFOPLIST_KEY_UIMainStoryboardFile = Main;
				INFOPLIST_KEY_UISupportedInterfaceOrientations_iPad = "UIInterfaceOrientationPortrait UIInterfaceOrientationPortraitUpsideDown UIInterfaceOrientationLandscapeLeft UIInterfaceOrientationLandscapeRight";
				INFOPLIST_KEY_UISupportedInterfaceOrientations_iPhone = "UIInterfaceOrientationPortrait UIInterfaceOrientationLandscapeLeft UIInterfaceOrientationLandscapeRight";
				IPHONEOS_DEPLOYMENT_TARGET = 15.0;
				LD_RUNPATH_SEARCH_PATHS = (
					"$(inherited)",
					"@executable_path/Frameworks",
				);
				MARKETING_VERSION = 1.0;
				PRODUCT_BUNDLE_IDENTIFIER = "com.saul.Ios-dca-calculator";
				PRODUCT_NAME = "$(TARGET_NAME)";
				SWIFT_EMIT_LOC_STRINGS = YES;
				SWIFT_VERSION = 5.0;
				TARGETED_DEVICE_FAMILY = "1,2";
			};
			name = Debug;
		};
		C283028E2787DE6400356A00 /* Release */ = {
			isa = XCBuildConfiguration;
			baseConfigurationReference = A6BC3D375050BD313D4F300B /* Pods-Ios-dca-calculator.release.xcconfig */;
			buildSettings = {
				ASSETCATALOG_COMPILER_APPICON_NAME = AppIcon;
				ASSETCATALOG_COMPILER_GLOBAL_ACCENT_COLOR_NAME = AccentColor;
				CODE_SIGN_STYLE = Automatic;
				CURRENT_PROJECT_VERSION = 1;
				DEVELOPMENT_TEAM = 7VFR5ND6JR;
				GENERATE_INFOPLIST_FILE = YES;
				INFOPLIST_FILE = "Ios-dca-calculator/Info.plist";
				INFOPLIST_KEY_UIApplicationSupportsIndirectInputEvents = YES;
				INFOPLIST_KEY_UILaunchStoryboardName = LaunchScreen;
				INFOPLIST_KEY_UIMainStoryboardFile = Main;
				INFOPLIST_KEY_UISupportedInterfaceOrientations_iPad = "UIInterfaceOrientationPortrait UIInterfaceOrientationPortraitUpsideDown UIInterfaceOrientationLandscapeLeft UIInterfaceOrientationLandscapeRight";
				INFOPLIST_KEY_UISupportedInterfaceOrientations_iPhone = "UIInterfaceOrientationPortrait UIInterfaceOrientationLandscapeLeft UIInterfaceOrientationLandscapeRight";
				IPHONEOS_DEPLOYMENT_TARGET = 15.0;
				LD_RUNPATH_SEARCH_PATHS = (
					"$(inherited)",
					"@executable_path/Frameworks",
				);
				MARKETING_VERSION = 1.0;
				PRODUCT_BUNDLE_IDENTIFIER = "com.saul.Ios-dca-calculator";
				PRODUCT_NAME = "$(TARGET_NAME)";
				SWIFT_EMIT_LOC_STRINGS = YES;
				SWIFT_VERSION = 5.0;
				TARGETED_DEVICE_FAMILY = "1,2";
			};
			name = Release;
		};
/* End XCBuildConfiguration section */

/* Begin XCConfigurationList section */
		C28302732787DE6400356A00 /* Build configuration list for PBXProject "Ios-dca-calculator" */ = {
			isa = XCConfigurationList;
			buildConfigurations = (
				C283028A2787DE6400356A00 /* Debug */,
				C283028B2787DE6400356A00 /* Release */,
			);
			defaultConfigurationIsVisible = 0;
			defaultConfigurationName = Release;
		};
		C283028C2787DE6400356A00 /* Build configuration list for PBXNativeTarget "Ios-dca-calculator" */ = {
			isa = XCConfigurationList;
			buildConfigurations = (
				C283028D2787DE6400356A00 /* Debug */,
				C283028E2787DE6400356A00 /* Release */,
			);
			defaultConfigurationIsVisible = 0;
			defaultConfigurationName = Release;
		};
/* End XCConfigurationList section */
	};
	rootObject = C28302702787DE6400356A00 /* Project object */;
}
